
Microsoft Visual Studio Solution File, Format Version 12.00
# Visual Studio Version 17
VisualStudioVersion = 17.5.33502.453
MinimumVisualStudioVersion = 10.0.40219.1
Project("{FAE04EC0-301F-11D3-BF4B-00C04F79EFBC}") = "RApi", "RApi\RApi.csproj", "{8ACE520D-C859-47D5-8345-8E54629B19FC}"
EndProject
Global
	GlobalSection(SolutionConfigurationPlatforms) = preSolution
		Debug|Any CPU = Debug|Any CPU
		Release|Any CPU = Release|Any CPU
	EndGlobalSection
	GlobalSection(ProjectConfigurationPlatforms) = postSolution
		{8ACE520D-C859-47D5-8345-8E54629B19FC}.Debug|Any CPU.ActiveCfg = Debug|Any CPU
		{8ACE520D-C859-47D5-8345-8E54629B19FC}.Debug|Any CPU.Build.0 = Debug|Any CPU
		{8ACE520D-C859-47D5-8345-8E54629B19FC}.Release|Any CPU.ActiveCfg = Release|Any CPU
		{8ACE520D-C859-47D5-8345-8E54629B19FC}.Release|Any CPU.Build.0 = Release|Any CPU
	EndGlobalSection
	GlobalSection(SolutionProperties) = preSolution
		HideSolutionNode = FALSE
	EndGlobalSection
	GlobalSection(ExtensibilityGlobals) = postSolution
		SolutionGuid = {86D30156-0940-4653-8D08-F802298C5240}
	EndGlobalSection
EndGlobal
